
Microsoft Visual Studio Solution File, Format Version 12.00
# Visual Studio Version 17
VisualStudioVersion = 17.5.002.0
MinimumVisualStudioVersion = 10.0.40219.1
Project("{9A19103F-16F7-4668-BE54-9A1E7A4F7556}") = "HexCharsToString", "HexCharsToString.csproj", "{11B3C4BE-B5B4-478C-88C0-F62AB8CB6C3C}"
EndProject
Global
	GlobalSection(SolutionConfigurationPlatforms) = preSolution
		Debug|Any CPU = Debug|Any CPU
		Release|Any CPU = Release|Any CPU
	EndGlobalSection
	GlobalSection(ProjectConfigurationPlatforms) = postSolution
		{11B3C4BE-B5B4-478C-88C0-F62AB8CB6C3C}.Debug|Any CPU.ActiveCfg = Debug|Any CPU
		{11B3C4BE-B5B4-478C-88C0-F62AB8CB6C3C}.Debug|Any CPU.Build.0 = Debug|Any CPU
		{11B3C4BE-B5B4-478C-88C0-F62AB8CB6C3C}.Release|Any CPU.ActiveCfg = Release|Any CPU
		{11B3C4BE-B5B4-478C-88C0-F62AB8CB6C3C}.Release|Any CPU.Build.0 = Release|Any CPU
	EndGlobalSection
	GlobalSection(SolutionProperties) = preSolution
		HideSolutionNode = FALSE
	EndGlobalSection
	GlobalSection(ExtensibilityGlobals) = postSolution
		SolutionGuid = {047CFCD9-47A3-4F3D-B386-D8ACE8AAD69B}
	EndGlobalSection
EndGlobal
