
Microsoft Visual Studio Solution File, Format Version 12.00
# Visual Studio Version 17
VisualStudioVersion = 17.5.002.0
MinimumVisualStudioVersion = 10.0.40219.1
Project("{9A19103F-16F7-4668-BE54-9A1E7A4F7556}") = "ProjectConverter", "ProjectConverter.csproj", "{A204A01F-3021-45D4-9B52-D2C0CA8616C4}"
EndProject
Global
	GlobalSection(SolutionConfigurationPlatforms) = preSolution
		Debug|Any CPU = Debug|Any CPU
		Release|Any CPU = Release|Any CPU
	EndGlobalSection
	GlobalSection(ProjectConfigurationPlatforms) = postSolution
		{A204A01F-3021-45D4-9B52-D2C0CA8616C4}.Debug|Any CPU.ActiveCfg = Debug|Any CPU
		{A204A01F-3021-45D4-9B52-D2C0CA8616C4}.Debug|Any CPU.Build.0 = Debug|Any CPU
		{A204A01F-3021-45D4-9B52-D2C0CA8616C4}.Release|Any CPU.ActiveCfg = Release|Any CPU
		{A204A01F-3021-45D4-9B52-D2C0CA8616C4}.Release|Any CPU.Build.0 = Release|Any CPU
	EndGlobalSection
	GlobalSection(SolutionProperties) = preSolution
		HideSolutionNode = FALSE
	EndGlobalSection
	GlobalSection(ExtensibilityGlobals) = postSolution
		SolutionGuid = {6D015ECD-0DF3-42BA-A56D-B9332689C5E5}
	EndGlobalSection
EndGlobal
