
Microsoft Visual Studio Solution File, Format Version 12.00
# Visual Studio Version 17
VisualStudioVersion = 17.0.31521.260
MinimumVisualStudioVersion = 10.0.40219.1
Project("{9A19103F-16F7-4668-BE54-9A1E7A4F7556}") = "GenericMath", "GenericMath.csproj", "{32C7D9DA-6E79-4A6E-AEBF-4A795E435A36}"
EndProject
Global
	GlobalSection(SolutionConfigurationPlatforms) = preSolution
		Debug|Any CPU = Debug|Any CPU
		Release|Any CPU = Release|Any CPU
	EndGlobalSection
	GlobalSection(ProjectConfigurationPlatforms) = postSolution
		{32C7D9DA-6E79-4A6E-AEBF-4A795E435A36}.Debug|Any CPU.ActiveCfg = Debug|Any CPU
		{32C7D9DA-6E79-4A6E-AEBF-4A795E435A36}.Debug|Any CPU.Build.0 = Debug|Any CPU
		{32C7D9DA-6E79-4A6E-AEBF-4A795E435A36}.Release|Any CPU.ActiveCfg = Release|Any CPU
		{32C7D9DA-6E79-4A6E-AEBF-4A795E435A36}.Release|Any CPU.Build.0 = Release|Any CPU
	EndGlobalSection
	GlobalSection(SolutionProperties) = preSolution
		HideSolutionNode = FALSE
	EndGlobalSection
	GlobalSection(ExtensibilityGlobals) = postSolution
		SolutionGuid = {FCF874A7-4A3F-4C6A-8C51-215DE449627F}
	EndGlobalSection
EndGlobal
