
Microsoft Visual Studio Solution File, Format Version 12.00
# Visual Studio 15
VisualStudioVersion = 15.0.27428.2037
MinimumVisualStudioVersion = 10.0.40219.1
Project("{FAE04EC0-301F-11D3-BF4B-00C04F79EFBC}") = "TestNetStandardUnitTest", "TestNetStandardUnitTest\TestNetStandardUnitTest.csproj", "{BB760BC6-6AFA-4433-9C3F-9805888C45F9}"
EndProject
Project("{9A19103F-16F7-4668-BE54-9A1E7A4F7556}") = "NetStandardTest", "NetStandardTest\NetStandardTest.csproj", "{386C9327-15CD-42CB-B9A0-8B7FCF779945}"
EndProject
Global
	GlobalSection(SolutionConfigurationPlatforms) = preSolution
		Debug|Any CPU = Debug|Any CPU
		Release|Any CPU = Release|Any CPU
	EndGlobalSection
	GlobalSection(ProjectConfigurationPlatforms) = postSolution
		{BB760BC6-6AFA-4433-9C3F-9805888C45F9}.Debug|Any CPU.ActiveCfg = Debug|Any CPU
		{BB760BC6-6AFA-4433-9C3F-9805888C45F9}.Debug|Any CPU.Build.0 = Debug|Any CPU
		{BB760BC6-6AFA-4433-9C3F-9805888C45F9}.Release|Any CPU.ActiveCfg = Release|Any CPU
		{BB760BC6-6AFA-4433-9C3F-9805888C45F9}.Release|Any CPU.Build.0 = Release|Any CPU
		{386C9327-15CD-42CB-B9A0-8B7FCF779945}.Debug|Any CPU.ActiveCfg = Debug|Any CPU
		{386C9327-15CD-42CB-B9A0-8B7FCF779945}.Debug|Any CPU.Build.0 = Debug|Any CPU
		{386C9327-15CD-42CB-B9A0-8B7FCF779945}.Release|Any CPU.ActiveCfg = Release|Any CPU
		{386C9327-15CD-42CB-B9A0-8B7FCF779945}.Release|Any CPU.Build.0 = Release|Any CPU
	EndGlobalSection
	GlobalSection(SolutionProperties) = preSolution
		HideSolutionNode = FALSE
	EndGlobalSection
	GlobalSection(ExtensibilityGlobals) = postSolution
		SolutionGuid = {708DB98A-1A94-4935-99D9-3C43A9008D2F}
	EndGlobalSection
EndGlobal
