Microsoft Visual Studio Solution File, Format Version 12.00
Project("{9A19103F-16F7-4668-BE54-9A1E7A4F7556}") = "TestApp", "TestApp.csproj", "{64DF084F-642A-4210-A0FD-A3AC4AAB0E88}"
EndProject
Project("{9A19103F-16F7-4668-BE54-9A1E7A4F7556}") = "TestLib", "..\TestLib\TestLib.csproj", "{B113163E-AC45-427E-8D4C-5E87C54AAADE}"
EndProject
Global
	GlobalSection(SolutionConfigurationPlatforms) = preSolution
		Debug|Any CPU = Debug|Any CPU
		Release|Any CPU = Release|Any CPU
	EndGlobalSection
	GlobalSection(ProjectConfigurationPlatforms) = postSolution
		{64DF084F-642A-4210-A0FD-A3AC4AAB0E88}.Debug|Any CPU.ActiveCfg = Debug|Any CPU
		{64DF084F-642A-4210-A0FD-A3AC4AAB0E88}.Debug|Any CPU.Build.0 = Debug|Any CPU
		{64DF084F-642A-4210-A0FD-A3AC4AAB0E88}.Release|Any CPU.ActiveCfg = Release|Any CPU
		{64DF084F-642A-4210-A0FD-A3AC4AAB0E88}.Release|Any CPU.Build.0 = Release|Any CPU
		{B113163E-AC45-427E-8D4C-5E87C54AAADE}.Debug|Any CPU.ActiveCfg = Debug|Any CPU
		{B113163E-AC45-427E-8D4C-5E87C54AAADE}.Debug|Any CPU.Build.0 = Debug|Any CPU
		{B113163E-AC45-427E-8D4C-5E87C54AAADE}.Release|Any CPU.ActiveCfg = Release|Any CPU
		{B113163E-AC45-427E-8D4C-5E87C54AAADE}.Release|Any CPU.Build.0 = Release|Any CPU
	EndGlobalSection
	GlobalSection(SolutionProperties) = preSolution
		HideSolutionNode = FALSE
	EndGlobalSection
	GlobalSection(ExtensibilityGlobals) = postSolution
		SolutionGuid = {B582825C-22F9-4A5C-BCB7-7EBB4E830903}
	EndGlobalSection
EndGlobal
