
Microsoft Visual Studio Solution File, Format Version 12.00
# Visual Studio Version 17
VisualStudioVersion = 17.5.002.0
MinimumVisualStudioVersion = 10.0.40219.1
Project("{9A19103F-16F7-4668-BE54-9A1E7A4F7556}") = "HappyHalloween", "HappyHalloween.csproj", "{0AEF6430-1F39-498B-8CC7-DB0E3473B629}"
EndProject
Global
	GlobalSection(SolutionConfigurationPlatforms) = preSolution
		Debug|Any CPU = Debug|Any CPU
		Release|Any CPU = Release|Any CPU
	EndGlobalSection
	GlobalSection(ProjectConfigurationPlatforms) = postSolution
		{0AEF6430-1F39-498B-8CC7-DB0E3473B629}.Debug|Any CPU.ActiveCfg = Debug|Any CPU
		{0AEF6430-1F39-498B-8CC7-DB0E3473B629}.Debug|Any CPU.Build.0 = Debug|Any CPU
		{0AEF6430-1F39-498B-8CC7-DB0E3473B629}.Release|Any CPU.ActiveCfg = Release|Any CPU
		{0AEF6430-1F39-498B-8CC7-DB0E3473B629}.Release|Any CPU.Build.0 = Release|Any CPU
	EndGlobalSection
	GlobalSection(SolutionProperties) = preSolution
		HideSolutionNode = FALSE
	EndGlobalSection
	GlobalSection(ExtensibilityGlobals) = postSolution
		SolutionGuid = {73E3BACA-6DDD-4102-B646-06E3B098A336}
	EndGlobalSection
EndGlobal
