Microsoft Visual Studio Solution File, Format Version 12.00
Project("{9A19103F-16F7-4668-BE54-9A1E7A4F7556}") = "MakeDirsProj", "MakeDirsProj.csproj", "{B858C41A-A144-40C6-80BE-7C36AB338C93}"
EndProject
Global
	GlobalSection(SolutionConfigurationPlatforms) = preSolution
		Debug|Any CPU = Debug|Any CPU
		Release|Any CPU = Release|Any CPU
	EndGlobalSection
	GlobalSection(ProjectConfigurationPlatforms) = postSolution
		{B858C41A-A144-40C6-80BE-7C36AB338C93}.Debug|Any CPU.ActiveCfg = Debug|Any CPU
		{B858C41A-A144-40C6-80BE-7C36AB338C93}.Debug|Any CPU.Build.0 = Debug|Any CPU
		{B858C41A-A144-40C6-80BE-7C36AB338C93}.Release|Any CPU.ActiveCfg = Release|Any CPU
		{B858C41A-A144-40C6-80BE-7C36AB338C93}.Release|Any CPU.Build.0 = Release|Any CPU
	EndGlobalSection
	GlobalSection(SolutionProperties) = preSolution
		HideSolutionNode = FALSE
	EndGlobalSection
	GlobalSection(ExtensibilityGlobals) = postSolution
		SolutionGuid = {979D9273-D64E-4FB1-A942-C16E4C32F141}
	EndGlobalSection
EndGlobal
