
Microsoft Visual Studio Solution File, Format Version 12.00
# Visual Studio Version 17
VisualStudioVersion = 17.10.34607.79
MinimumVisualStudioVersion = 10.0.40219.1
Project("{FAE04EC0-301F-11D3-BF4B-00C04F79EFBC}") = "TestWindowsService", "TestWindowsService.csproj", "{59C2E241-1489-4A00-82E4-D95BE2B7D94D}"
EndProject
Global
	GlobalSection(SolutionConfigurationPlatforms) = preSolution
		Debug|Any CPU = Debug|Any CPU
		Release|Any CPU = Release|Any CPU
	EndGlobalSection
	GlobalSection(ProjectConfigurationPlatforms) = postSolution
		{59C2E241-1489-4A00-82E4-D95BE2B7D94D}.Debug|Any CPU.ActiveCfg = Debug|Any CPU
		{59C2E241-1489-4A00-82E4-D95BE2B7D94D}.Debug|Any CPU.Build.0 = Debug|Any CPU
		{59C2E241-1489-4A00-82E4-D95BE2B7D94D}.Release|Any CPU.ActiveCfg = Release|Any CPU
		{59C2E241-1489-4A00-82E4-D95BE2B7D94D}.Release|Any CPU.Build.0 = Release|Any CPU
	EndGlobalSection
	GlobalSection(SolutionProperties) = preSolution
		HideSolutionNode = FALSE
	EndGlobalSection
	GlobalSection(ExtensibilityGlobals) = postSolution
		SolutionGuid = {80F993A7-87FE-48BB-8B54-DF9019E6C129}
	EndGlobalSection
EndGlobal
