
Microsoft Visual Studio Solution File, Format Version 12.00
# Visual Studio Version 17
VisualStudioVersion = 17.11.34929.205
MinimumVisualStudioVersion = 10.0.40219.1
Project("{9A19103F-16F7-4668-BE54-9A1E7A4F7556}") = "RegexExample", "RegexExample.csproj", "{08EDDDE1-2B3D-4B50-9F08-70612ED67ACF}"
EndProject
Global
	GlobalSection(SolutionConfigurationPlatforms) = preSolution
		Debug|Any CPU = Debug|Any CPU
		Release|Any CPU = Release|Any CPU
	EndGlobalSection
	GlobalSection(ProjectConfigurationPlatforms) = postSolution
		{08EDDDE1-2B3D-4B50-9F08-70612ED67ACF}.Debug|Any CPU.ActiveCfg = Debug|Any CPU
		{08EDDDE1-2B3D-4B50-9F08-70612ED67ACF}.Debug|Any CPU.Build.0 = Debug|Any CPU
		{08EDDDE1-2B3D-4B50-9F08-70612ED67ACF}.Release|Any CPU.ActiveCfg = Release|Any CPU
		{08EDDDE1-2B3D-4B50-9F08-70612ED67ACF}.Release|Any CPU.Build.0 = Release|Any CPU
	EndGlobalSection
	GlobalSection(SolutionProperties) = preSolution
		HideSolutionNode = FALSE
	EndGlobalSection
	GlobalSection(ExtensibilityGlobals) = postSolution
		SolutionGuid = {B969B81C-2092-4E14-8EE1-63A4A43D528B}
	EndGlobalSection
EndGlobal
