
Microsoft Visual Studio Solution File, Format Version 12.00
# Visual Studio Version 16
VisualStudioVersion = 16.0.31410.223
MinimumVisualStudioVersion = 10.0.40219.1
Project("{9A19103F-16F7-4668-BE54-9A1E7A4F7556}") = "HeapStatToCsv", "HeapStatToCsv.csproj", "{68A57248-0B84-4906-91A8-2C36D2F59B4E}"
EndProject
Global
	GlobalSection(SolutionConfigurationPlatforms) = preSolution
		Debug|Any CPU = Debug|Any CPU
		Release|Any CPU = Release|Any CPU
	EndGlobalSection
	GlobalSection(ProjectConfigurationPlatforms) = postSolution
		{68A57248-0B84-4906-91A8-2C36D2F59B4E}.Debug|Any CPU.ActiveCfg = Debug|Any CPU
		{68A57248-0B84-4906-91A8-2C36D2F59B4E}.Debug|Any CPU.Build.0 = Debug|Any CPU
		{68A57248-0B84-4906-91A8-2C36D2F59B4E}.Release|Any CPU.ActiveCfg = Release|Any CPU
		{68A57248-0B84-4906-91A8-2C36D2F59B4E}.Release|Any CPU.Build.0 = Release|Any CPU
	EndGlobalSection
	GlobalSection(SolutionProperties) = preSolution
		HideSolutionNode = FALSE
	EndGlobalSection
	GlobalSection(ExtensibilityGlobals) = postSolution
		SolutionGuid = {2397CFA7-7E06-40C7-BA19-A50B9D3761FA}
	EndGlobalSection
EndGlobal
