
Microsoft Visual Studio Solution File, Format Version 12.00
# Visual Studio Version 17
VisualStudioVersion = 17.5.002.0
MinimumVisualStudioVersion = 10.0.40219.1
Project("{9A19103F-16F7-4668-BE54-9A1E7A4F7556}") = "CSharp", "CSharp.csproj", "{93C6FCE2-4044-4EDA-9E06-4FE2564E4D7D}"
EndProject
Global
	GlobalSection(SolutionConfigurationPlatforms) = preSolution
		Debug|Any CPU = Debug|Any CPU
		Release|Any CPU = Release|Any CPU
	EndGlobalSection
	GlobalSection(ProjectConfigurationPlatforms) = postSolution
		{93C6FCE2-4044-4EDA-9E06-4FE2564E4D7D}.Debug|Any CPU.ActiveCfg = Debug|Any CPU
		{93C6FCE2-4044-4EDA-9E06-4FE2564E4D7D}.Debug|Any CPU.Build.0 = Debug|Any CPU
		{93C6FCE2-4044-4EDA-9E06-4FE2564E4D7D}.Release|Any CPU.ActiveCfg = Release|Any CPU
		{93C6FCE2-4044-4EDA-9E06-4FE2564E4D7D}.Release|Any CPU.Build.0 = Release|Any CPU
	EndGlobalSection
	GlobalSection(SolutionProperties) = preSolution
		HideSolutionNode = FALSE
	EndGlobalSection
	GlobalSection(ExtensibilityGlobals) = postSolution
		SolutionGuid = {445C186B-30FA-4559-B626-8BF7512389AA}
	EndGlobalSection
EndGlobal
