
Microsoft Visual Studio Solution File, Format Version 12.00
# Visual Studio Version 17
VisualStudioVersion = 17.5.33103.201
MinimumVisualStudioVersion = 10.0.40219.1
Project("{9A19103F-16F7-4668-BE54-9A1E7A4F7556}") = "ConfigSample", "ConfigSample.csproj", "{822A5A8F-D15E-4389-A067-B953915F562C}"
EndProject
Global
	GlobalSection(SolutionConfigurationPlatforms) = preSolution
		Debug|Any CPU = Debug|Any CPU
		Release|Any CPU = Release|Any CPU
	EndGlobalSection
	GlobalSection(ProjectConfigurationPlatforms) = postSolution
		{822A5A8F-D15E-4389-A067-B953915F562C}.Debug|Any CPU.ActiveCfg = Debug|Any CPU
		{822A5A8F-D15E-4389-A067-B953915F562C}.Debug|Any CPU.Build.0 = Debug|Any CPU
		{822A5A8F-D15E-4389-A067-B953915F562C}.Release|Any CPU.ActiveCfg = Release|Any CPU
		{822A5A8F-D15E-4389-A067-B953915F562C}.Release|Any CPU.Build.0 = Release|Any CPU
	EndGlobalSection
	GlobalSection(SolutionProperties) = preSolution
		HideSolutionNode = FALSE
	EndGlobalSection
	GlobalSection(ExtensibilityGlobals) = postSolution
		SolutionGuid = {AE1A7C0C-B234-44D8-B775-753F4D43BDF7}
	EndGlobalSection
EndGlobal
